
Microsoft Visual Studio Solution File, Format Version 12.00
# Visual Studio Version 17
VisualStudioVersion = 17.7.34031.279
MinimumVisualStudioVersion = 10.0.40219.1
Project("{9A19103F-16F7-4668-BE54-9A1E7A4F7556}") = "Before", "Before.csproj", "{C506E1C6-6378-4002-98C8-E868E4062F03}"
EndProject
Project("{FAE04EC0-301F-11D3-BF4B-00C04F79EFBC}") = "After", "..\After\After.csproj", "{8EB1AC4E-B1AB-402A-BFA3-B51205BABD68}"
EndProject
Global
	GlobalSection(SolutionConfigurationPlatforms) = preSolution
		Debug|Any CPU = Debug|Any CPU
		Release|Any CPU = Release|Any CPU
	EndGlobalSection
	GlobalSection(ProjectConfigurationPlatforms) = postSolution
		{C506E1C6-6378-4002-98C8-E868E4062F03}.Debug|Any CPU.ActiveCfg = Debug|Any CPU
		{C506E1C6-6378-4002-98C8-E868E4062F03}.Debug|Any CPU.Build.0 = Debug|Any CPU
		{C506E1C6-6378-4002-98C8-E868E4062F03}.Release|Any CPU.ActiveCfg = Release|Any CPU
		{C506E1C6-6378-4002-98C8-E868E4062F03}.Release|Any CPU.Build.0 = Release|Any CPU
		{8EB1AC4E-B1AB-402A-BFA3-B51205BABD68}.Debug|Any CPU.ActiveCfg = Debug|Any CPU
		{8EB1AC4E-B1AB-402A-BFA3-B51205BABD68}.Debug|Any CPU.Build.0 = Debug|Any CPU
		{8EB1AC4E-B1AB-402A-BFA3-B51205BABD68}.Release|Any CPU.ActiveCfg = Release|Any CPU
		{8EB1AC4E-B1AB-402A-BFA3-B51205BABD68}.Release|Any CPU.Build.0 = Release|Any CPU
	EndGlobalSection
	GlobalSection(SolutionProperties) = preSolution
		HideSolutionNode = FALSE
	EndGlobalSection
	GlobalSection(ExtensibilityGlobals) = postSolution
		SolutionGuid = {DA74AAE3-275E-4A35-B858-10527C5B4B92}
	EndGlobalSection
EndGlobal
